
Microsoft Visual Studio Solution File, Format Version 12.00
# Visual Studio Version 17
VisualStudioVersion = 17.6.33815.320
MinimumVisualStudioVersion = 10.0.40219.1
Project("{FAE04EC0-301F-11D3-BF4B-00C04F79EFBC}") = "PracticeWinter2025", "PracticeWinter2025\PracticeWinter2025.csproj", "{2355A1E8-5BF0-4CE7-8382-092DD9BC455B}"
EndProject
Global
	GlobalSection(SolutionConfigurationPlatforms) = preSolution
		Debug|Any CPU = Debug|Any CPU
		Release|Any CPU = Release|Any CPU
	EndGlobalSection
	GlobalSection(ProjectConfigurationPlatforms) = postSolution
		{2355A1E8-5BF0-4CE7-8382-092DD9BC455B}.Debug|Any CPU.ActiveCfg = Debug|Any CPU
		{2355A1E8-5BF0-4CE7-8382-092DD9BC455B}.Debug|Any CPU.Build.0 = Debug|Any CPU
		{2355A1E8-5BF0-4CE7-8382-092DD9BC455B}.Release|Any CPU.ActiveCfg = Release|Any CPU
		{2355A1E8-5BF0-4CE7-8382-092DD9BC455B}.Release|Any CPU.Build.0 = Release|Any CPU
	EndGlobalSection
	GlobalSection(SolutionProperties) = preSolution
		HideSolutionNode = FALSE
	EndGlobalSection
	GlobalSection(ExtensibilityGlobals) = postSolution
		SolutionGuid = {B0DCFCE9-FD96-4C83-8FF4-24FB9BB2DC4A}
	EndGlobalSection
EndGlobal
